
Microsoft Visual Studio Solution File, Format Version 12.00
# Visual Studio 15
VisualStudioVersion = 15.0.27703.2018
MinimumVisualStudioVersion = 10.0.40219.1
Project("{FAE04EC0-301F-11D3-BF4B-00C04F79EFBC}") = "TelegramBotCalculator", "TelegramBotCalculator\TelegramBotCalculator.csproj", "{A62FB0BA-5D2E-42DC-94EB-7A4046640454}"
EndProject
Global
	GlobalSection(SolutionConfigurationPlatforms) = preSolution
		Debug|Any CPU = Debug|Any CPU
		Release|Any CPU = Release|Any CPU
	EndGlobalSection
	GlobalSection(ProjectConfigurationPlatforms) = postSolution
		{A62FB0BA-5D2E-42DC-94EB-7A4046640454}.Debug|Any CPU.ActiveCfg = Debug|Any CPU
		{A62FB0BA-5D2E-42DC-94EB-7A4046640454}.Debug|Any CPU.Build.0 = Debug|Any CPU
		{A62FB0BA-5D2E-42DC-94EB-7A4046640454}.Release|Any CPU.ActiveCfg = Release|Any CPU
		{A62FB0BA-5D2E-42DC-94EB-7A4046640454}.Release|Any CPU.Build.0 = Release|Any CPU
	EndGlobalSection
	GlobalSection(SolutionProperties) = preSolution
		HideSolutionNode = FALSE
	EndGlobalSection
	GlobalSection(ExtensibilityGlobals) = postSolution
		SolutionGuid = {0D65DE0E-5ADF-4F5A-8538-EADDD3B47B2A}
	EndGlobalSection
EndGlobal
